
Microsoft Visual Studio Solution File, Format Version 12.00
# Visual Studio Version 17
VisualStudioVersion = 17.2.32630.192
MinimumVisualStudioVersion = 10.0.40219.1
Project("{FAE04EC0-301F-11D3-BF4B-00C04F79EFBC}") = "API_Ong", "API_Ong\API_Ong.csproj", "{074B939D-1113-40BD-9391-F904A2BCCFAC}"
EndProject
Global
	GlobalSection(SolutionConfigurationPlatforms) = preSolution
		Debug|Any CPU = Debug|Any CPU
		Release|Any CPU = Release|Any CPU
	EndGlobalSection
	GlobalSection(ProjectConfigurationPlatforms) = postSolution
		{074B939D-1113-40BD-9391-F904A2BCCFAC}.Debug|Any CPU.ActiveCfg = Debug|Any CPU
		{074B939D-1113-40BD-9391-F904A2BCCFAC}.Debug|Any CPU.Build.0 = Debug|Any CPU
		{074B939D-1113-40BD-9391-F904A2BCCFAC}.Release|Any CPU.ActiveCfg = Release|Any CPU
		{074B939D-1113-40BD-9391-F904A2BCCFAC}.Release|Any CPU.Build.0 = Release|Any CPU
	EndGlobalSection
	GlobalSection(SolutionProperties) = preSolution
		HideSolutionNode = FALSE
	EndGlobalSection
	GlobalSection(ExtensibilityGlobals) = postSolution
		SolutionGuid = {833AF048-E121-482E-AEF0-725952476E27}
	EndGlobalSection
EndGlobal
